// !$*UTF8*$!
{
	archiveVersion = 1;
	classes = {
	};
	objectVersion = 48;
	objects = {

/* Begin PBXBuildFile section */
		3D24BBBD1F74177000A33E96 /* AppDelegate.swift in Sources */ = {isa = PBXBuildFile; fileRef = 3D24BBBC1F74177000A33E96 /* AppDelegate.swift */; };
		3D24BBBF1F74177000A33E96 /* ViewController.swift in Sources */ = {isa = PBXBuildFile; fileRef = 3D24BBBE1F74177000A33E96 /* ViewController.swift */; };
		3D24BBC41F74177000A33E96 /* Assets.xcassets in Resources */ = {isa = PBXBuildFile; fileRef = 3D24BBC31F74177000A33E96 /* Assets.xcassets */; };
		3D24BBC71F74177000A33E96 /* LaunchScreen.storyboard in Resources */ = {isa = PBXBuildFile; fileRef = 3D24BBC51F74177000A33E96 /* LaunchScreen.storyboard */; };
		3D24BBCF1F742A2900A33E96 /* Mail.storyboard in Resources */ = {isa = PBXBuildFile; fileRef = 3D24BBCE1F742A2900A33E96 /* Mail.storyboard */; };
		3D24BBD11F74454800A33E96 /* MobileNet.mlmodel in Sources */ = {isa = PBXBuildFile; fileRef = 3D24BBD01F7444A300A33E96 /* MobileNet.mlmodel */; };
		3D24BBD31F74592500A33E96 /* CGImagePropertyOrientation+UIImageOrientation.swift in Sources */ = {isa = PBXBuildFile; fileRef = 3D24BBD21F74592500A33E96 /* CGImagePropertyOrientation+UIImageOrientation.swift */; };
		3D24BBD51F74654700A33E96 /* README.md in Resources */ = {isa = PBXBuildFile; fileRef = 3D24BBD41F74654700A33E96 /* README.md */; };
/* End PBXBuildFile section */

/* Begin PBXFileReference section */
		3D24BBB91F74177000A33E96 /* ARML.app */ = {isa = PBXFileReference; explicitFileType = wrapper.application; includeInIndex = 0; path = ARML.app; sourceTree = BUILT_PRODUCTS_DIR; };
		3D24BBBC1F74177000A33E96 /* AppDelegate.swift */ = {isa = PBXFileReference; lastKnownFileType = sourcecode.swift; path = AppDelegate.swift; sourceTree = "<group>"; };
		3D24BBBE1F74177000A33E96 /* ViewController.swift */ = {isa = PBXFileReference; lastKnownFileType = sourcecode.swift; path = ViewController.swift; sourceTree = "<group>"; };
		3D24BBC31F74177000A33E96 /* Assets.xcassets */ = {isa = PBXFileReference; lastKnownFileType = folder.assetcatalog; path = Assets.xcassets; sourceTree = "<group>"; };
		3D24BBC61F74177000A33E96 /* Base */ = {isa = PBXFileReference; lastKnownFileType = file.storyboard; name = Base; path = Base.lproj/LaunchScreen.storyboard; sourceTree = "<group>"; };
		3D24BBC81F74177000A33E96 /* Info.plist */ = {isa = PBXFileReference; lastKnownFileType = text.plist.xml; path = Info.plist; sourceTree = "<group>"; };
		3D24BBCE1F742A2900A33E96 /* Mail.storyboard */ = {isa = PBXFileReference; lastKnownFileType = file.storyboard; path = Mail.storyboard; sourceTree = "<group>"; };
		3D24BBD01F7444A300A33E96 /* MobileNet.mlmodel */ = {isa = PBXFileReference; lastKnownFileType = file.mlmodel; path = MobileNet.mlmodel; sourceTree = "<group>"; };
		3D24BBD21F74592500A33E96 /* CGImagePropertyOrientation+UIImageOrientation.swift */ = {isa = PBXFileReference; lastKnownFileType = sourcecode.swift; path = "CGImagePropertyOrientation+UIImageOrientation.swift"; sourceTree = "<group>"; };
		3D24BBD41F74654700A33E96 /* README.md */ = {isa = PBXFileReference; fileEncoding = 4; lastKnownFileType = net.daringfireball.markdown; path = README.md; sourceTree = "<group>"; };
/* End PBXFileReference section */

/* Begin PBXFrameworksBuildPhase section */
		3D24BBB61F74177000A33E96 /* Frameworks */ = {
			isa = PBXFrameworksBuildPhase;
			buildActionMask = 2147483647;
			files = (
			);
			runOnlyForDeploymentPostprocessing = 0;
		};
/* End PBXFrameworksBuildPhase section */

/* Begin PBXGroup section */
		3D24BBB01F74177000A33E96 = {
			isa = PBXGroup;
			children = (
				3D24BBD41F74654700A33E96 /* README.md */,
				3D24BBBB1F74177000A33E96 /* ARML */,
				3D24BBBA1F74177000A33E96 /* Products */,
			);
			sourceTree = "<group>";
		};
		3D24BBBA1F74177000A33E96 /* Products */ = {
			isa = PBXGroup;
			children = (
				3D24BBB91F74177000A33E96 /* ARML.app */,
			);
			name = Products;
			sourceTree = "<group>";
		};
		3D24BBBB1F74177000A33E96 /* ARML */ = {
			isa = PBXGroup;
			children = (
				3D24BBCE1F742A2900A33E96 /* Mail.storyboard */,
				3D24BBBC1F74177000A33E96 /* AppDelegate.swift */,
				3D24BBBE1F74177000A33E96 /* ViewController.swift */,
				3D24BBD01F7444A300A33E96 /* MobileNet.mlmodel */,
				3D24BBD21F74592500A33E96 /* CGImagePropertyOrientation+UIImageOrientation.swift */,
				3D24BBC31F74177000A33E96 /* Assets.xcassets */,
				3D24BBC51F74177000A33E96 /* LaunchScreen.storyboard */,
				3D24BBC81F74177000A33E96 /* Info.plist */,
			);
			path = ARML;
			sourceTree = "<group>";
		};
/* End PBXGroup section */

/* Begin PBXNativeTarget section */
		3D24BBB81F74177000A33E96 /* ARML */ = {
			isa = PBXNativeTarget;
			buildConfigurationList = 3D24BBCB1F74177000A33E96 /* Build configuration list for PBXNativeTarget "ARML" */;
			buildPhases = (
				3D24BBB51F74177000A33E96 /* Sources */,
				3D24BBB61F74177000A33E96 /* Frameworks */,
				3D24BBB71F74177000A33E96 /* Resources */,
			);
			buildRules = (
			);
			dependencies = (
			);
			name = ARML;
			productName = ARML;
			productReference = 3D24BBB91F74177000A33E96 /* ARML.app */;
			productType = "com.apple.product-type.application";
		};
/* End PBXNativeTarget section */

/* Begin PBXProject section */
		3D24BBB11F74177000A33E96 /* Project object */ = {
			isa = PBXProject;
			attributes = {
				LastSwiftUpdateCheck = 0900;
				LastUpgradeCheck = 0900;
				ORGANIZATIONNAME = "Joss Manger";
				TargetAttributes = {
					3D24BBB81F74177000A33E96 = {
						CreatedOnToolsVersion = 9.0;
						ProvisioningStyle = Automatic;
					};
				};
			};
			buildConfigurationList = 3D24BBB41F74177000A33E96 /* Build configuration list for PBXProject "ARML" */;
			compatibilityVersion = "Xcode 8.0";
			developmentRegion = en;
			hasScannedForEncodings = 0;
			knownRegions = (
				en,
				Base,
			);
			mainGroup = 3D24BBB01F74177000A33E96;
			productRefGroup = 3D24BBBA1F74177000A33E96 /* Products */;
			projectDirPath = "";
			projectRoot = "";
			targets = (
				3D24BBB81F74177000A33E96 /* ARML */,
			);
		};
/* End PBXProject section */

/* Begin PBXResourcesBuildPhase section */
		3D24BBB71F74177000A33E96 /* Resources */ = {
			isa = PBXResourcesBuildPhase;
			buildActionMask = 2147483647;
			files = (
				3D24BBCF1F742A2900A33E96 /* Mail.storyboard in Resources */,
				3D24BBC71F74177000A33E96 /* LaunchScreen.storyboard in Resources */,
				3D24BBD51F74654700A33E96 /* README.md in Resources */,
				3D24BBC41F74177000A33E96 /* Assets.xcassets in Resources */,
			);
			runOnlyForDeploymentPostprocessing = 0;
		};
/* End PBXResourcesBuildPhase section */

/* Begin PBXSourcesBuildPhase section */
		3D24BBB51F74177000A33E96 /* Sources */ = {
			isa = PBXSourcesBuildPhase;
			buildActionMask = 2147483647;
			files = (
				3D24BBD31F74592500A33E96 /* CGImagePropertyOrientation+UIImageOrientation.swift in Sources */,
				3D24BBBF1F74177000A33E96 /* ViewController.swift in Sources */,
				3D24BBBD1F74177000A33E96 /* AppDelegate.swift in Sources */,
				3D24BBD11F74454800A33E96 /* MobileNet.mlmodel in Sources */,
			);
			runOnlyForDeploymentPostprocessing = 0;
		};
/* End PBXSourcesBuildPhase section */

/* Begin PBXVariantGroup section */
		3D24BBC51F74177000A33E96 /* LaunchScreen.storyboard */ = {
			isa = PBXVariantGroup;
			children = (
				3D24BBC61F74177000A33E96 /* Base */,
			);
			name = LaunchScreen.storyboard;
			sourceTree = "<group>";
		};
/* End PBXVariantGroup section */

/* Begin XCBuildConfiguration section */
		3D24BBC91F74177000A33E96 /* Debug */ = {
			isa = XCBuildConfiguration;
			buildSettings = {
				ALWAYS_SEARCH_USER_PATHS = NO;
				CLANG_ANALYZER_NONNULL = YES;
				CLANG_ANALYZER_NUMBER_OBJECT_CONVERSION = YES_AGGRESSIVE;
				CLANG_CXX_LANGUAGE_STANDARD = "gnu++14";
				CLANG_CXX_LIBRARY = "libc++";
				CLANG_ENABLE_MODULES = YES;
				CLANG_ENABLE_OBJC_ARC = YES;
				CLANG_WARN_BLOCK_CAPTURE_AUTORELEASING = YES;
				CLANG_WARN_BOOL_CONVERSION = YES;
				CLANG_WARN_COMMA = YES;
				CLANG_WARN_CONSTANT_CONVERSION = YES;
				CLANG_WARN_DIRECT_OBJC_ISA_USAGE = YES_ERROR;
				CLANG_WARN_DOCUMENTATION_COMMENTS = YES;
				CLANG_WARN_EMPTY_BODY = YES;
				CLANG_WARN_ENUM_CONVERSION = YES;
				CLANG_WARN_INFINITE_RECURSION = YES;
				CLANG_WARN_INT_CONVERSION = YES;
				CLANG_WARN_NON_LITERAL_NULL_CONVERSION = YES;
				CLANG_WARN_OBJC_LITERAL_CONVERSION = YES;
				CLANG_WARN_OBJC_ROOT_CLASS = YES_ERROR;
				CLANG_WARN_RANGE_LOOP_ANALYSIS = YES;
				CLANG_WARN_STRICT_PROTOTYPES = YES;
				CLANG_WARN_SUSPICIOUS_MOVE = YES;
				CLANG_WARN_UNGUARDED_AVAILABILITY = YES_AGGRESSIVE;
				CLANG_WARN_UNREACHABLE_CODE = YES;
				CLANG_WARN__DUPLICATE_METHOD_MATCH = YES;
				CODE_SIGN_IDENTITY = "iPhone Developer";
				COPY_PHASE_STRIP = NO;
				DEBUG_INFORMATION_FORMAT = dwarf;
				ENABLE_STRICT_OBJC_MSGSEND = YES;
				ENABLE_TESTABILITY = YES;
				GCC_C_LANGUAGE_STANDARD = gnu11;
				GCC_DYNAMIC_NO_PIC = NO;
				GCC_NO_COMMON_BLOCKS = YES;
				GCC_OPTIMIZATION_LEVEL = 0;
				GCC_PREPROCESSOR_DEFINITIONS = (
					"DEBUG=1",
					"$(inherited)",
				);
				GCC_WARN_64_TO_32_BIT_CONVERSION = YES;
				GCC_WARN_ABOUT_RETURN_TYPE = YES_ERROR;
				GCC_WARN_UNDECLARED_SELECTOR = YES;
				GCC_WARN_UNINITIALIZED_AUTOS = YES_AGGRESSIVE;
				GCC_WARN_UNUSED_FUNCTION = YES;
				GCC_WARN_UNUSED_VARIABLE = YES;
				IPHONEOS_DEPLOYMENT_TARGET = 11.0;
				MTL_ENABLE_DEBUG_INFO = YES;
				ONLY_ACTIVE_ARCH = YES;
				SDKROOT = iphoneos;
				SWIFT_ACTIVE_COMPILATION_CONDITIONS = DEBUG;
				SWIFT_OPTIMIZATION_LEVEL = "-Onone";
			};
			name = Debug;
		};
		3D24BBCA1F74177000A33E96 /* Release */ = {
			isa = XCBuildConfiguration;
			buildSettings = {
				ALWAYS_SEARCH_USER_PATHS = NO;
				CLANG_ANALYZER_NONNULL = YES;
				CLANG_ANALYZER_NUMBER_OBJECT_CONVERSION = YES_AGGRESSIVE;
				CLANG_CXX_LANGUAGE_STANDARD = "gnu++14";
				CLANG_CXX_LIBRARY = "libc++";
				CLANG_ENABLE_MODULES = YES;
				CLANG_ENABLE_OBJC_ARC = YES;
				CLANG_WARN_BLOCK_CAPTURE_AUTORELEASING = YES;
				CLANG_WARN_BOOL_CONVERSION = YES;
				CLANG_WARN_COMMA = YES;
				CLANG_WARN_CONSTANT_CONVERSION = YES;
				CLANG_WARN_DIRECT_OBJC_ISA_USAGE = YES_ERROR;
				CLANG_WARN_DOCUMENTATION_COMMENTS = YES;
				CLANG_WARN_EMPTY_BODY = YES;
				CLANG_WARN_ENUM_CONVERSION = YES;
				CLANG_WARN_INFINITE_RECURSION = YES;
				CLANG_WARN_INT_CONVERSION = YES;
				CLANG_WARN_NON_LITERAL_NULL_CONVERSION = YES;
				CLANG_WARN_OBJC_LITERAL_CONVERSION = YES;
				CLANG_WARN_OBJC_ROOT_CLASS = YES_ERROR;
				CLANG_WARN_RANGE_LOOP_ANALYSIS = YES;
				CLANG_WARN_STRICT_PROTOTYPES = YES;
				CLANG_WARN_SUSPICIOUS_MOVE = YES;
				CLANG_WARN_UNGUARDED_AVAILABILITY = YES_AGGRESSIVE;
				CLANG_WARN_UNREACHABLE_CODE = YES;
				CLANG_WARN__DUPLICATE_METHOD_MATCH = YES;
				CODE_SIGN_IDENTITY = "iPhone Developer";
				COPY_PHASE_STRIP = NO;
				DEBUG_INFORMATION_FORMAT = "dwarf-with-dsym";
				ENABLE_NS_ASSERTIONS = NO;
				ENABLE_STRICT_OBJC_MSGSEND = YES;
				GCC_C_LANGUAGE_STANDARD = gnu11;
				GCC_NO_COMMON_BLOCKS = YES;
				GCC_WARN_64_TO_32_BIT_CONVERSION = YES;
				GCC_WARN_ABOUT_RETURN_TYPE = YES_ERROR;
				GCC_WARN_UNDECLARED_SELECTOR = YES;
				GCC_WARN_UNINITIALIZED_AUTOS = YES_AGGRESSIVE;
				GCC_WARN_UNUSED_FUNCTION = YES;
				GCC_WARN_UNUSED_VARIABLE = YES;
				IPHONEOS_DEPLOYMENT_TARGET = 11.0;
				MTL_ENABLE_DEBUG_INFO = NO;
				SDKROOT = iphoneos;
				SWIFT_OPTIMIZATION_LEVEL = "-Owholemodule";
				VALIDATE_PRODUCT = YES;
			};
			name = Release;
		};
		3D24BBCC1F74177000A33E96 /* Debug */ = {
			isa = XCBuildConfiguration;
			buildSettings = {
				ASSETCATALOG_COMPILER_APPICON_NAME = AppIcon;
				CODE_SIGN_STYLE = Automatic;
				DEVELOPMENT_TEAM = 3C42F7N9CQ;
				INFOPLIST_FILE = ARML/Info.plist;
				LD_RUNPATH_SEARCH_PATHS = "$(inherited) @executable_path/Frameworks";
				PRODUCT_BUNDLE_IDENTIFIER = com.jossy.ARML;
				PRODUCT_NAME = "$(TARGET_NAME)";
				SWIFT_VERSION = 4.0;
				TARGETED_DEVICE_FAMILY = "1,2";
			};
			name = Debug;
		};
		3D24BBCD1F74177000A33E96 /* Release */ = {
			isa = XCBuildConfiguration;
			buildSettings = {
				ASSETCATALOG_COMPILER_APPICON_NAME = AppIcon;
				CODE_SIGN_STYLE = Automatic;
				DEVELOPMENT_TEAM = 3C42F7N9CQ;
				INFOPLIST_FILE = ARML/Info.plist;
				LD_RUNPATH_SEARCH_PATHS = "$(inherited) @executable_path/Frameworks";
				PRODUCT_BUNDLE_IDENTIFIER = com.jossy.ARML;
				PRODUCT_NAME = "$(TARGET_NAME)";
				SWIFT_VERSION = 4.0;
				TARGETED_DEVICE_FAMILY = "1,2";
			};
			name = Release;
		};
/* End XCBuildConfiguration section */

/* Begin XCConfigurationList section */
		3D24BBB41F74177000A33E96 /* Build configuration list for PBXProject "ARML" */ = {
			isa = XCConfigurationList;
			buildConfigurations = (
				3D24BBC91F74177000A33E96 /* Debug */,
				3D24BBCA1F74177000A33E96 /* Release */,
			);
			defaultConfigurationIsVisible = 0;
			defaultConfigurationName = Release;
		};
		3D24BBCB1F74177000A33E96 /* Build configuration list for PBXNativeTarget "ARML" */ = {
			isa = XCConfigurationList;
			buildConfigurations = (
				3D24BBCC1F74177000A33E96 /* Debug */,
				3D24BBCD1F74177000A33E96 /* Release */,
			);
			defaultConfigurationIsVisible = 0;
			defaultConfigurationName = Release;
		};
/* End XCConfigurationList section */
	};
	rootObject = 3D24BBB11F74177000A33E96 /* Project object */;
}
